
Microsoft Visual Studio Solution File, Format Version 12.00
# Visual Studio Version 16
VisualStudioVersion = 16.0.30114.105
MinimumVisualStudioVersion = 10.0.40219.1
Project("{FAE04EC0-301F-11D3-BF4B-00C04F79EFBC}") = "Payment.Communication.RabbitMq", "Payment.Communication.RabbitMq\Payment.Communication.RabbitMq.csproj", "{133B4CDD-E2C7-425B-986A-72FD4FDBC368}"
EndProject
Project("{FAE04EC0-301F-11D3-BF4B-00C04F79EFBC}") = "Payment.Authorise", "Payment.Authorise\Payment.Authorise.csproj", "{25DC551F-661B-47F4-8CB4-3F237A991148}"
EndProject
Project("{FAE04EC0-301F-11D3-BF4B-00C04F79EFBC}") = "Payment.Authorise.UnitTests", "Payment.Authorise.UnitTests\Payment.Authorise.UnitTests.csproj", "{6D321309-1026-42E7-91CF-6542F49E5CB1}"
EndProject
Project("{FAE04EC0-301F-11D3-BF4B-00C04F79EFBC}") = "Payment.Capture", "Payment.Capture\Payment.Capture.csproj", "{4555CDA5-2F93-4612-97DF-C1044DB0BE4F}"
EndProject
Project("{FAE04EC0-301F-11D3-BF4B-00C04F79EFBC}") = "Payment.Refund", "Payment.Refund\Payment.Refund.csproj", "{A4BA317D-5FDF-41EE-BA72-96129234D02A}"
EndProject
Project("{FAE04EC0-301F-11D3-BF4B-00C04F79EFBC}") = "Payment.Void", "Payment.Void\Payment.Void.csproj", "{BD3D3C3E-A621-4AF2-A0BE-FB61D04DEA76}"
EndProject
Project("{2150E333-8FDC-42A3-9474-1A3956D46DE8}") = "Services", "Services", "{546E9DE3-7919-4300-9F13-E0BB4D0E2B4E}"
EndProject
Project("{2150E333-8FDC-42A3-9474-1A3956D46DE8}") = "Infrastructure", "Infrastructure", "{07287085-2916-4943-8DB3-6C9595F1E130}"
EndProject
Project("{FAE04EC0-301F-11D3-BF4B-00C04F79EFBC}") = "Payment.Gateway", "Payment.Gateway\Payment.Gateway.csproj", "{65DDE1CA-AFCF-4F35-A01E-47BCFF0349AD}"
EndProject
Project("{FAE04EC0-301F-11D3-BF4B-00C04F79EFBC}") = "Payment.EventSourcing", "Payment.EventSourcing\Payment.EventSourcing.csproj", "{59B3D8F0-F94E-44D2-9C67-A516EBE81A00}"
EndProject
Project("{FAE04EC0-301F-11D3-BF4B-00C04F79EFBC}") = "Payment.Capture.UnitTests", "Services\Payment.Capture.UnitTests\Payment.Capture.UnitTests.csproj", "{3021F05C-9D9E-45BF-9096-52310772E462}"
EndProject
Project("{2150E333-8FDC-42A3-9474-1A3956D46DE8}") = "Domain", "Domain", "{D00F7AA4-5FB5-434C-B403-85D7BBD7A1C3}"
EndProject
Project("{FAE04EC0-301F-11D3-BF4B-00C04F79EFBC}") = "Payment.Transaction", "Payment.Transaction\Payment.Transaction.csproj", "{19D87F29-868A-42A3-9667-7D893266AFB8}"
EndProject
Project("{FAE04EC0-301F-11D3-BF4B-00C04F79EFBC}") = "Payment.Refund.UnitTests", "Services\Payment.Refund.UnitTests\Payment.Refund.UnitTests.csproj", "{643DA263-42D3-426A-B94D-48B60D48EB9E}"
EndProject
Project("{2150E333-8FDC-42A3-9474-1A3956D46DE8}") = "Tests", "Tests", "{8050205C-2F97-42CB-BCA4-EF5ADDB8F177}"
EndProject
Project("{2150E333-8FDC-42A3-9474-1A3956D46DE8}") = "Services", "Services", "{B5DD11F8-1640-4EE0-B1DD-B0A4837E970C}"
EndProject
Project("{2150E333-8FDC-42A3-9474-1A3956D46DE8}") = "Domain", "Domain", "{206922C9-C93B-42CD-A785-62827AE96938}"
EndProject
Project("{FAE04EC0-301F-11D3-BF4B-00C04F79EFBC}") = "Payment.Transaction.UnitTests", "Payment.Transaction.UnitTests\Payment.Transaction.UnitTests.csproj", "{414BA101-E8C0-44AA-83DA-1A7BA6D280FE}"
EndProject
Project("{2150E333-8FDC-42A3-9474-1A3956D46DE8}") = "Main", "Main", "{13CBFA5C-CB02-44FD-BD02-B3E0E9371965}"
EndProject
Project("{FAE04EC0-301F-11D3-BF4B-00C04F79EFBC}") = "Payment.Repository", "Payment.Repository\Payment.Repository.csproj", "{A131E606-1846-43FF-A889-4F8D9498BF96}"
EndProject
Global
	GlobalSection(SolutionConfigurationPlatforms) = preSolution
		Debug|Any CPU = Debug|Any CPU
		Debug|x64 = Debug|x64
		Debug|x86 = Debug|x86
		Release|Any CPU = Release|Any CPU
		Release|x64 = Release|x64
		Release|x86 = Release|x86
	EndGlobalSection
	GlobalSection(SolutionProperties) = preSolution
		HideSolutionNode = FALSE
	EndGlobalSection
	GlobalSection(ProjectConfigurationPlatforms) = postSolution
		{133B4CDD-E2C7-425B-986A-72FD4FDBC368}.Debug|Any CPU.ActiveCfg = Debug|Any CPU
		{133B4CDD-E2C7-425B-986A-72FD4FDBC368}.Debug|Any CPU.Build.0 = Debug|Any CPU
		{133B4CDD-E2C7-425B-986A-72FD4FDBC368}.Debug|x64.ActiveCfg = Debug|Any CPU
		{133B4CDD-E2C7-425B-986A-72FD4FDBC368}.Debug|x64.Build.0 = Debug|Any CPU
		{133B4CDD-E2C7-425B-986A-72FD4FDBC368}.Debug|x86.ActiveCfg = Debug|Any CPU
		{133B4CDD-E2C7-425B-986A-72FD4FDBC368}.Debug|x86.Build.0 = Debug|Any CPU
		{133B4CDD-E2C7-425B-986A-72FD4FDBC368}.Release|Any CPU.ActiveCfg = Release|Any CPU
		{133B4CDD-E2C7-425B-986A-72FD4FDBC368}.Release|Any CPU.Build.0 = Release|Any CPU
		{133B4CDD-E2C7-425B-986A-72FD4FDBC368}.Release|x64.ActiveCfg = Release|Any CPU
		{133B4CDD-E2C7-425B-986A-72FD4FDBC368}.Release|x64.Build.0 = Release|Any CPU
		{133B4CDD-E2C7-425B-986A-72FD4FDBC368}.Release|x86.ActiveCfg = Release|Any CPU
		{133B4CDD-E2C7-425B-986A-72FD4FDBC368}.Release|x86.Build.0 = Release|Any CPU
		{25DC551F-661B-47F4-8CB4-3F237A991148}.Debug|Any CPU.ActiveCfg = Debug|Any CPU
		{25DC551F-661B-47F4-8CB4-3F237A991148}.Debug|Any CPU.Build.0 = Debug|Any CPU
		{25DC551F-661B-47F4-8CB4-3F237A991148}.Debug|x64.ActiveCfg = Debug|Any CPU
		{25DC551F-661B-47F4-8CB4-3F237A991148}.Debug|x64.Build.0 = Debug|Any CPU
		{25DC551F-661B-47F4-8CB4-3F237A991148}.Debug|x86.ActiveCfg = Debug|Any CPU
		{25DC551F-661B-47F4-8CB4-3F237A991148}.Debug|x86.Build.0 = Debug|Any CPU
		{25DC551F-661B-47F4-8CB4-3F237A991148}.Release|Any CPU.ActiveCfg = Release|Any CPU
		{25DC551F-661B-47F4-8CB4-3F237A991148}.Release|Any CPU.Build.0 = Release|Any CPU
		{25DC551F-661B-47F4-8CB4-3F237A991148}.Release|x64.ActiveCfg = Release|Any CPU
		{25DC551F-661B-47F4-8CB4-3F237A991148}.Release|x64.Build.0 = Release|Any CPU
		{25DC551F-661B-47F4-8CB4-3F237A991148}.Release|x86.ActiveCfg = Release|Any CPU
		{25DC551F-661B-47F4-8CB4-3F237A991148}.Release|x86.Build.0 = Release|Any CPU
		{6D321309-1026-42E7-91CF-6542F49E5CB1}.Debug|Any CPU.ActiveCfg = Debug|Any CPU
		{6D321309-1026-42E7-91CF-6542F49E5CB1}.Debug|Any CPU.Build.0 = Debug|Any CPU
		{6D321309-1026-42E7-91CF-6542F49E5CB1}.Debug|x64.ActiveCfg = Debug|Any CPU
		{6D321309-1026-42E7-91CF-6542F49E5CB1}.Debug|x64.Build.0 = Debug|Any CPU
		{6D321309-1026-42E7-91CF-6542F49E5CB1}.Debug|x86.ActiveCfg = Debug|Any CPU
		{6D321309-1026-42E7-91CF-6542F49E5CB1}.Debug|x86.Build.0 = Debug|Any CPU
		{6D321309-1026-42E7-91CF-6542F49E5CB1}.Release|Any CPU.ActiveCfg = Release|Any CPU
		{6D321309-1026-42E7-91CF-6542F49E5CB1}.Release|Any CPU.Build.0 = Release|Any CPU
		{6D321309-1026-42E7-91CF-6542F49E5CB1}.Release|x64.ActiveCfg = Release|Any CPU
		{6D321309-1026-42E7-91CF-6542F49E5CB1}.Release|x64.Build.0 = Release|Any CPU
		{6D321309-1026-42E7-91CF-6542F49E5CB1}.Release|x86.ActiveCfg = Release|Any CPU
		{6D321309-1026-42E7-91CF-6542F49E5CB1}.Release|x86.Build.0 = Release|Any CPU
		{4555CDA5-2F93-4612-97DF-C1044DB0BE4F}.Debug|Any CPU.ActiveCfg = Debug|Any CPU
		{4555CDA5-2F93-4612-97DF-C1044DB0BE4F}.Debug|Any CPU.Build.0 = Debug|Any CPU
		{4555CDA5-2F93-4612-97DF-C1044DB0BE4F}.Debug|x64.ActiveCfg = Debug|Any CPU
		{4555CDA5-2F93-4612-97DF-C1044DB0BE4F}.Debug|x64.Build.0 = Debug|Any CPU
		{4555CDA5-2F93-4612-97DF-C1044DB0BE4F}.Debug|x86.ActiveCfg = Debug|Any CPU
		{4555CDA5-2F93-4612-97DF-C1044DB0BE4F}.Debug|x86.Build.0 = Debug|Any CPU
		{4555CDA5-2F93-4612-97DF-C1044DB0BE4F}.Release|Any CPU.ActiveCfg = Release|Any CPU
		{4555CDA5-2F93-4612-97DF-C1044DB0BE4F}.Release|Any CPU.Build.0 = Release|Any CPU
		{4555CDA5-2F93-4612-97DF-C1044DB0BE4F}.Release|x64.ActiveCfg = Release|Any CPU
		{4555CDA5-2F93-4612-97DF-C1044DB0BE4F}.Release|x64.Build.0 = Release|Any CPU
		{4555CDA5-2F93-4612-97DF-C1044DB0BE4F}.Release|x86.ActiveCfg = Release|Any CPU
		{4555CDA5-2F93-4612-97DF-C1044DB0BE4F}.Release|x86.Build.0 = Release|Any CPU
		{A4BA317D-5FDF-41EE-BA72-96129234D02A}.Debug|Any CPU.ActiveCfg = Debug|Any CPU
		{A4BA317D-5FDF-41EE-BA72-96129234D02A}.Debug|Any CPU.Build.0 = Debug|Any CPU
		{A4BA317D-5FDF-41EE-BA72-96129234D02A}.Debug|x64.ActiveCfg = Debug|Any CPU
		{A4BA317D-5FDF-41EE-BA72-96129234D02A}.Debug|x64.Build.0 = Debug|Any CPU
		{A4BA317D-5FDF-41EE-BA72-96129234D02A}.Debug|x86.ActiveCfg = Debug|Any CPU
		{A4BA317D-5FDF-41EE-BA72-96129234D02A}.Debug|x86.Build.0 = Debug|Any CPU
		{A4BA317D-5FDF-41EE-BA72-96129234D02A}.Release|Any CPU.ActiveCfg = Release|Any CPU
		{A4BA317D-5FDF-41EE-BA72-96129234D02A}.Release|Any CPU.Build.0 = Release|Any CPU
		{A4BA317D-5FDF-41EE-BA72-96129234D02A}.Release|x64.ActiveCfg = Release|Any CPU
		{A4BA317D-5FDF-41EE-BA72-96129234D02A}.Release|x64.Build.0 = Release|Any CPU
		{A4BA317D-5FDF-41EE-BA72-96129234D02A}.Release|x86.ActiveCfg = Release|Any CPU
		{A4BA317D-5FDF-41EE-BA72-96129234D02A}.Release|x86.Build.0 = Release|Any CPU
		{BD3D3C3E-A621-4AF2-A0BE-FB61D04DEA76}.Debug|Any CPU.ActiveCfg = Debug|Any CPU
		{BD3D3C3E-A621-4AF2-A0BE-FB61D04DEA76}.Debug|Any CPU.Build.0 = Debug|Any CPU
		{BD3D3C3E-A621-4AF2-A0BE-FB61D04DEA76}.Debug|x64.ActiveCfg = Debug|Any CPU
		{BD3D3C3E-A621-4AF2-A0BE-FB61D04DEA76}.Debug|x64.Build.0 = Debug|Any CPU
		{BD3D3C3E-A621-4AF2-A0BE-FB61D04DEA76}.Debug|x86.ActiveCfg = Debug|Any CPU
		{BD3D3C3E-A621-4AF2-A0BE-FB61D04DEA76}.Debug|x86.Build.0 = Debug|Any CPU
		{BD3D3C3E-A621-4AF2-A0BE-FB61D04DEA76}.Release|Any CPU.ActiveCfg = Release|Any CPU
		{BD3D3C3E-A621-4AF2-A0BE-FB61D04DEA76}.Release|Any CPU.Build.0 = Release|Any CPU
		{BD3D3C3E-A621-4AF2-A0BE-FB61D04DEA76}.Release|x64.ActiveCfg = Release|Any CPU
		{BD3D3C3E-A621-4AF2-A0BE-FB61D04DEA76}.Release|x64.Build.0 = Release|Any CPU
		{BD3D3C3E-A621-4AF2-A0BE-FB61D04DEA76}.Release|x86.ActiveCfg = Release|Any CPU
		{BD3D3C3E-A621-4AF2-A0BE-FB61D04DEA76}.Release|x86.Build.0 = Release|Any CPU
		{65DDE1CA-AFCF-4F35-A01E-47BCFF0349AD}.Debug|Any CPU.ActiveCfg = Debug|Any CPU
		{65DDE1CA-AFCF-4F35-A01E-47BCFF0349AD}.Debug|Any CPU.Build.0 = Debug|Any CPU
		{65DDE1CA-AFCF-4F35-A01E-47BCFF0349AD}.Debug|x64.ActiveCfg = Debug|Any CPU
		{65DDE1CA-AFCF-4F35-A01E-47BCFF0349AD}.Debug|x64.Build.0 = Debug|Any CPU
		{65DDE1CA-AFCF-4F35-A01E-47BCFF0349AD}.Debug|x86.ActiveCfg = Debug|Any CPU
		{65DDE1CA-AFCF-4F35-A01E-47BCFF0349AD}.Debug|x86.Build.0 = Debug|Any CPU
		{65DDE1CA-AFCF-4F35-A01E-47BCFF0349AD}.Release|Any CPU.ActiveCfg = Release|Any CPU
		{65DDE1CA-AFCF-4F35-A01E-47BCFF0349AD}.Release|Any CPU.Build.0 = Release|Any CPU
		{65DDE1CA-AFCF-4F35-A01E-47BCFF0349AD}.Release|x64.ActiveCfg = Release|Any CPU
		{65DDE1CA-AFCF-4F35-A01E-47BCFF0349AD}.Release|x64.Build.0 = Release|Any CPU
		{65DDE1CA-AFCF-4F35-A01E-47BCFF0349AD}.Release|x86.ActiveCfg = Release|Any CPU
		{65DDE1CA-AFCF-4F35-A01E-47BCFF0349AD}.Release|x86.Build.0 = Release|Any CPU
		{59B3D8F0-F94E-44D2-9C67-A516EBE81A00}.Debug|Any CPU.ActiveCfg = Debug|Any CPU
		{59B3D8F0-F94E-44D2-9C67-A516EBE81A00}.Debug|Any CPU.Build.0 = Debug|Any CPU
		{59B3D8F0-F94E-44D2-9C67-A516EBE81A00}.Debug|x64.ActiveCfg = Debug|Any CPU
		{59B3D8F0-F94E-44D2-9C67-A516EBE81A00}.Debug|x64.Build.0 = Debug|Any CPU
		{59B3D8F0-F94E-44D2-9C67-A516EBE81A00}.Debug|x86.ActiveCfg = Debug|Any CPU
		{59B3D8F0-F94E-44D2-9C67-A516EBE81A00}.Debug|x86.Build.0 = Debug|Any CPU
		{59B3D8F0-F94E-44D2-9C67-A516EBE81A00}.Release|Any CPU.ActiveCfg = Release|Any CPU
		{59B3D8F0-F94E-44D2-9C67-A516EBE81A00}.Release|Any CPU.Build.0 = Release|Any CPU
		{59B3D8F0-F94E-44D2-9C67-A516EBE81A00}.Release|x64.ActiveCfg = Release|Any CPU
		{59B3D8F0-F94E-44D2-9C67-A516EBE81A00}.Release|x64.Build.0 = Release|Any CPU
		{59B3D8F0-F94E-44D2-9C67-A516EBE81A00}.Release|x86.ActiveCfg = Release|Any CPU
		{59B3D8F0-F94E-44D2-9C67-A516EBE81A00}.Release|x86.Build.0 = Release|Any CPU
		{3021F05C-9D9E-45BF-9096-52310772E462}.Debug|Any CPU.ActiveCfg = Debug|Any CPU
		{3021F05C-9D9E-45BF-9096-52310772E462}.Debug|Any CPU.Build.0 = Debug|Any CPU
		{3021F05C-9D9E-45BF-9096-52310772E462}.Debug|x64.ActiveCfg = Debug|Any CPU
		{3021F05C-9D9E-45BF-9096-52310772E462}.Debug|x64.Build.0 = Debug|Any CPU
		{3021F05C-9D9E-45BF-9096-52310772E462}.Debug|x86.ActiveCfg = Debug|Any CPU
		{3021F05C-9D9E-45BF-9096-52310772E462}.Debug|x86.Build.0 = Debug|Any CPU
		{3021F05C-9D9E-45BF-9096-52310772E462}.Release|Any CPU.ActiveCfg = Release|Any CPU
		{3021F05C-9D9E-45BF-9096-52310772E462}.Release|Any CPU.Build.0 = Release|Any CPU
		{3021F05C-9D9E-45BF-9096-52310772E462}.Release|x64.ActiveCfg = Release|Any CPU
		{3021F05C-9D9E-45BF-9096-52310772E462}.Release|x64.Build.0 = Release|Any CPU
		{3021F05C-9D9E-45BF-9096-52310772E462}.Release|x86.ActiveCfg = Release|Any CPU
		{3021F05C-9D9E-45BF-9096-52310772E462}.Release|x86.Build.0 = Release|Any CPU
		{19D87F29-868A-42A3-9667-7D893266AFB8}.Debug|Any CPU.ActiveCfg = Debug|Any CPU
		{19D87F29-868A-42A3-9667-7D893266AFB8}.Debug|Any CPU.Build.0 = Debug|Any CPU
		{19D87F29-868A-42A3-9667-7D893266AFB8}.Debug|x64.ActiveCfg = Debug|Any CPU
		{19D87F29-868A-42A3-9667-7D893266AFB8}.Debug|x64.Build.0 = Debug|Any CPU
		{19D87F29-868A-42A3-9667-7D893266AFB8}.Debug|x86.ActiveCfg = Debug|Any CPU
		{19D87F29-868A-42A3-9667-7D893266AFB8}.Debug|x86.Build.0 = Debug|Any CPU
		{19D87F29-868A-42A3-9667-7D893266AFB8}.Release|Any CPU.ActiveCfg = Release|Any CPU
		{19D87F29-868A-42A3-9667-7D893266AFB8}.Release|Any CPU.Build.0 = Release|Any CPU
		{19D87F29-868A-42A3-9667-7D893266AFB8}.Release|x64.ActiveCfg = Release|Any CPU
		{19D87F29-868A-42A3-9667-7D893266AFB8}.Release|x64.Build.0 = Release|Any CPU
		{19D87F29-868A-42A3-9667-7D893266AFB8}.Release|x86.ActiveCfg = Release|Any CPU
		{19D87F29-868A-42A3-9667-7D893266AFB8}.Release|x86.Build.0 = Release|Any CPU
		{643DA263-42D3-426A-B94D-48B60D48EB9E}.Debug|Any CPU.ActiveCfg = Debug|Any CPU
		{643DA263-42D3-426A-B94D-48B60D48EB9E}.Debug|Any CPU.Build.0 = Debug|Any CPU
		{643DA263-42D3-426A-B94D-48B60D48EB9E}.Debug|x64.ActiveCfg = Debug|Any CPU
		{643DA263-42D3-426A-B94D-48B60D48EB9E}.Debug|x64.Build.0 = Debug|Any CPU
		{643DA263-42D3-426A-B94D-48B60D48EB9E}.Debug|x86.ActiveCfg = Debug|Any CPU
		{643DA263-42D3-426A-B94D-48B60D48EB9E}.Debug|x86.Build.0 = Debug|Any CPU
		{643DA263-42D3-426A-B94D-48B60D48EB9E}.Release|Any CPU.ActiveCfg = Release|Any CPU
		{643DA263-42D3-426A-B94D-48B60D48EB9E}.Release|Any CPU.Build.0 = Release|Any CPU
		{643DA263-42D3-426A-B94D-48B60D48EB9E}.Release|x64.ActiveCfg = Release|Any CPU
		{643DA263-42D3-426A-B94D-48B60D48EB9E}.Release|x64.Build.0 = Release|Any CPU
		{643DA263-42D3-426A-B94D-48B60D48EB9E}.Release|x86.ActiveCfg = Release|Any CPU
		{643DA263-42D3-426A-B94D-48B60D48EB9E}.Release|x86.Build.0 = Release|Any CPU
		{414BA101-E8C0-44AA-83DA-1A7BA6D280FE}.Debug|Any CPU.ActiveCfg = Debug|Any CPU
		{414BA101-E8C0-44AA-83DA-1A7BA6D280FE}.Debug|Any CPU.Build.0 = Debug|Any CPU
		{414BA101-E8C0-44AA-83DA-1A7BA6D280FE}.Debug|x64.ActiveCfg = Debug|Any CPU
		{414BA101-E8C0-44AA-83DA-1A7BA6D280FE}.Debug|x64.Build.0 = Debug|Any CPU
		{414BA101-E8C0-44AA-83DA-1A7BA6D280FE}.Debug|x86.ActiveCfg = Debug|Any CPU
		{414BA101-E8C0-44AA-83DA-1A7BA6D280FE}.Debug|x86.Build.0 = Debug|Any CPU
		{414BA101-E8C0-44AA-83DA-1A7BA6D280FE}.Release|Any CPU.ActiveCfg = Release|Any CPU
		{414BA101-E8C0-44AA-83DA-1A7BA6D280FE}.Release|Any CPU.Build.0 = Release|Any CPU
		{414BA101-E8C0-44AA-83DA-1A7BA6D280FE}.Release|x64.ActiveCfg = Release|Any CPU
		{414BA101-E8C0-44AA-83DA-1A7BA6D280FE}.Release|x64.Build.0 = Release|Any CPU
		{414BA101-E8C0-44AA-83DA-1A7BA6D280FE}.Release|x86.ActiveCfg = Release|Any CPU
		{414BA101-E8C0-44AA-83DA-1A7BA6D280FE}.Release|x86.Build.0 = Release|Any CPU
		{A131E606-1846-43FF-A889-4F8D9498BF96}.Debug|Any CPU.ActiveCfg = Debug|Any CPU
		{A131E606-1846-43FF-A889-4F8D9498BF96}.Debug|Any CPU.Build.0 = Debug|Any CPU
		{A131E606-1846-43FF-A889-4F8D9498BF96}.Debug|x64.ActiveCfg = Debug|Any CPU
		{A131E606-1846-43FF-A889-4F8D9498BF96}.Debug|x64.Build.0 = Debug|Any CPU
		{A131E606-1846-43FF-A889-4F8D9498BF96}.Debug|x86.ActiveCfg = Debug|Any CPU
		{A131E606-1846-43FF-A889-4F8D9498BF96}.Debug|x86.Build.0 = Debug|Any CPU
		{A131E606-1846-43FF-A889-4F8D9498BF96}.Release|Any CPU.ActiveCfg = Release|Any CPU
		{A131E606-1846-43FF-A889-4F8D9498BF96}.Release|Any CPU.Build.0 = Release|Any CPU
		{A131E606-1846-43FF-A889-4F8D9498BF96}.Release|x64.ActiveCfg = Release|Any CPU
		{A131E606-1846-43FF-A889-4F8D9498BF96}.Release|x64.Build.0 = Release|Any CPU
		{A131E606-1846-43FF-A889-4F8D9498BF96}.Release|x86.ActiveCfg = Release|Any CPU
		{A131E606-1846-43FF-A889-4F8D9498BF96}.Release|x86.Build.0 = Release|Any CPU
	EndGlobalSection
	GlobalSection(NestedProjects) = preSolution
		{BD3D3C3E-A621-4AF2-A0BE-FB61D04DEA76} = {546E9DE3-7919-4300-9F13-E0BB4D0E2B4E}
		{4555CDA5-2F93-4612-97DF-C1044DB0BE4F} = {546E9DE3-7919-4300-9F13-E0BB4D0E2B4E}
		{A4BA317D-5FDF-41EE-BA72-96129234D02A} = {546E9DE3-7919-4300-9F13-E0BB4D0E2B4E}
		{25DC551F-661B-47F4-8CB4-3F237A991148} = {546E9DE3-7919-4300-9F13-E0BB4D0E2B4E}
		{133B4CDD-E2C7-425B-986A-72FD4FDBC368} = {07287085-2916-4943-8DB3-6C9595F1E130}
		{65DDE1CA-AFCF-4F35-A01E-47BCFF0349AD} = {546E9DE3-7919-4300-9F13-E0BB4D0E2B4E}
		{19D87F29-868A-42A3-9667-7D893266AFB8} = {D00F7AA4-5FB5-434C-B403-85D7BBD7A1C3}
		{59B3D8F0-F94E-44D2-9C67-A516EBE81A00} = {07287085-2916-4943-8DB3-6C9595F1E130}
		{B5DD11F8-1640-4EE0-B1DD-B0A4837E970C} = {8050205C-2F97-42CB-BCA4-EF5ADDB8F177}
		{6D321309-1026-42E7-91CF-6542F49E5CB1} = {B5DD11F8-1640-4EE0-B1DD-B0A4837E970C}
		{3021F05C-9D9E-45BF-9096-52310772E462} = {B5DD11F8-1640-4EE0-B1DD-B0A4837E970C}
		{643DA263-42D3-426A-B94D-48B60D48EB9E} = {B5DD11F8-1640-4EE0-B1DD-B0A4837E970C}
		{206922C9-C93B-42CD-A785-62827AE96938} = {8050205C-2F97-42CB-BCA4-EF5ADDB8F177}
		{414BA101-E8C0-44AA-83DA-1A7BA6D280FE} = {206922C9-C93B-42CD-A785-62827AE96938}
		{D00F7AA4-5FB5-434C-B403-85D7BBD7A1C3} = {13CBFA5C-CB02-44FD-BD02-B3E0E9371965}
		{07287085-2916-4943-8DB3-6C9595F1E130} = {13CBFA5C-CB02-44FD-BD02-B3E0E9371965}
		{546E9DE3-7919-4300-9F13-E0BB4D0E2B4E} = {13CBFA5C-CB02-44FD-BD02-B3E0E9371965}
		{A131E606-1846-43FF-A889-4F8D9498BF96} = {07287085-2916-4943-8DB3-6C9595F1E130}
	EndGlobalSection
EndGlobal
